
Microsoft Visual Studio Solution File, Format Version 12.00
# Visual Studio Version 17
VisualStudioVersion = 17.7.34031.279
MinimumVisualStudioVersion = 10.0.40219.1
Project("{FAE04EC0-301F-11D3-BF4B-00C04F79EFBC}") = "MyStoreApi", "MyStoreApi.csproj", "{0A0ECF2B-1D84-4F28-82E6-12650FC1A186}"
EndProject
Global
	GlobalSection(SolutionConfigurationPlatforms) = preSolution
		Debug|Any CPU = Debug|Any CPU
		Release|Any CPU = Release|Any CPU
	EndGlobalSection
	GlobalSection(ProjectConfigurationPlatforms) = postSolution
		{0A0ECF2B-1D84-4F28-82E6-12650FC1A186}.Debug|Any CPU.ActiveCfg = Debug|Any CPU
		{0A0ECF2B-1D84-4F28-82E6-12650FC1A186}.Debug|Any CPU.Build.0 = Debug|Any CPU
		{0A0ECF2B-1D84-4F28-82E6-12650FC1A186}.Release|Any CPU.ActiveCfg = Release|Any CPU
		{0A0ECF2B-1D84-4F28-82E6-12650FC1A186}.Release|Any CPU.Build.0 = Release|Any CPU
	EndGlobalSection
	GlobalSection(SolutionProperties) = preSolution
		HideSolutionNode = FALSE
	EndGlobalSection
	GlobalSection(ExtensibilityGlobals) = postSolution
		SolutionGuid = {DA66ACEA-AF99-4436-AB39-E7876E1FD347}
	EndGlobalSection
EndGlobal
